
Microsoft Visual Studio Solution File, Format Version 12.00
# Visual Studio Version 16
VisualStudioVersion = 16.0.30717.126
MinimumVisualStudioVersion = 10.0.40219.1
Project("{9A19103F-16F7-4668-BE54-9A1E7A4F7556}") = "WebApplicationProperty", "WebApplicationProperty.csproj", "{C6A398BE-7EAB-4B78-85A7-0F098FFA3005}"
EndProject
Global
	GlobalSection(SolutionConfigurationPlatforms) = preSolution
		Debug|Any CPU = Debug|Any CPU
		Release|Any CPU = Release|Any CPU
	EndGlobalSection
	GlobalSection(ProjectConfigurationPlatforms) = postSolution
		{C6A398BE-7EAB-4B78-85A7-0F098FFA3005}.Debug|Any CPU.ActiveCfg = Debug|Any CPU
		{C6A398BE-7EAB-4B78-85A7-0F098FFA3005}.Debug|Any CPU.Build.0 = Debug|Any CPU
		{C6A398BE-7EAB-4B78-85A7-0F098FFA3005}.Release|Any CPU.ActiveCfg = Release|Any CPU
		{C6A398BE-7EAB-4B78-85A7-0F098FFA3005}.Release|Any CPU.Build.0 = Release|Any CPU
	EndGlobalSection
	GlobalSection(SolutionProperties) = preSolution
		HideSolutionNode = FALSE
	EndGlobalSection
	GlobalSection(ExtensibilityGlobals) = postSolution
		SolutionGuid = {69B2582F-0F6E-4A2B-9136-FB278CD816DC}
	EndGlobalSection
EndGlobal
